{
  "name": "atproto-repo-dump",
  "version": "1.0.0",
  "lockfileVersion": 2,
  "requires": true,
  "packages": {
    "": {
      "name": "atproto-repo-dump",
      "version": "1.0.0",
      "license": "MIT",
      "dependencies": {
        "@ipld/car": "^5.1.1",
        "encodr": "^1.3.4"
      }
    },
    "node_modules/@ipld/car": {
      "version": "5.1.1",
      "resolved": "https://registry.npmjs.org/@ipld/car/-/car-5.1.1.tgz",
      "integrity": "sha512-HoFTUqUJL9cPGhC9qRmHCvamfIsj1JllQSQ/Xu9/KN/VNJp8To9Ms4qiZPEMOwcrNFclfYqrahjGYbf4KL/d9A==",
      "license": "Apache-2.0 OR MIT",
      "dependencies": {
        "@ipld/dag-cbor": "^9.0.0",
        "cborg": "^1.9.0",
        "multiformats": "^11.0.0",
        "varint": "^6.0.0"
      },
      "engines": {
        "node": ">=16.0.0",
        "npm": ">=7.0.0"
      }
    },
    "node_modules/@ipld/dag-cbor": {
      "version": "9.0.0",
      "resolved": "https://registry.npmjs.org/@ipld/dag-cbor/-/dag-cbor-9.0.0.tgz",
      "integrity": "sha512-zdsiSiYDEOIDW7mmWOYWC9gukjXO+F8wqxz/LfN7iSwTfIyipC8+UQrCbPupFMRb/33XQTZk8yl3My8vUQBRoA==",
      "license": "Apache-2.0 OR MIT",
      "dependencies": {
        "cborg": "^1.10.0",
        "multiformats": "^11.0.0"
      },
      "engines": {
        "node": ">=16.0.0",
        "npm": ">=7.0.0"
      }
    },
    "node_modules/bignumber.js": {
      "version": "9.1.1",
      "resolved": "https://registry.npmjs.org/bignumber.js/-/bignumber.js-9.1.1.tgz",
      "integrity": "sha512-pHm4LsMJ6lzgNGVfZHjMoO8sdoRhOzOH4MLmY65Jg70bpxCKu5iOHNJyfF6OyvYw7t8Fpf35RuzUyqnQsj8Vig==",
      "engines": {
        "node": "*"
      }
    },
    "node_modules/cbor": {
      "version": "8.1.0",
      "resolved": "https://registry.npmjs.org/cbor/-/cbor-8.1.0.tgz",
      "integrity": "sha512-DwGjNW9omn6EwP70aXsn7FQJx5kO12tX0bZkaTjzdVFM6/7nhA4t0EENocKGx6D2Bch9PE2KzCUf5SceBdeijg==",
      "dependencies": {
        "nofilter": "^3.1.0"
      },
      "engines": {
        "node": ">=12.19"
      }
    },
    "node_modules/cborg": {
      "version": "1.10.2",
      "resolved": "https://registry.npmjs.org/cborg/-/cborg-1.10.2.tgz",
      "integrity": "sha512-b3tFPA9pUr2zCUiCfRd2+wok2/LBSNUMKOuRRok+WlvvAgEt/PlbgPTsZUcwCOs53IJvLgTp0eotwtosE6njug==",
      "license": "Apache-2.0",
      "bin": {
        "cborg": "cli.js"
      }
    },
    "node_modules/encodr": {
      "version": "1.3.4",
      "resolved": "https://registry.npmjs.org/encodr/-/encodr-1.3.4.tgz",
      "integrity": "sha512-bv4go2I82tkyZ6P5aKA3UgKbEUFci7p7hp29X9DhJcWBMpvNKLeTvbV37dmfP1mFExtS1zqgcLYNpnCER/RyWw==",
      "dependencies": {
        "bignumber.js": "9.1.1",
        "cbor": "8.1.0",
        "msgpack-lite": "0.1.26",
        "node-inspect-extracted": "2.0.2",
        "utf8": "3.0.0"
      },
      "engines": {
        "node": ">=12.0.0"
      }
    },
    "node_modules/event-lite": {
      "version": "0.1.3",
      "resolved": "https://registry.npmjs.org/event-lite/-/event-lite-0.1.3.tgz",
      "integrity": "sha512-8qz9nOz5VeD2z96elrEKD2U433+L3DWdUdDkOINLGOJvx1GsMBbMn0aCeu28y8/e85A6mCigBiFlYMnTBEGlSw=="
    },
    "node_modules/ieee754": {
      "version": "1.2.1",
      "resolved": "https://registry.npmjs.org/ieee754/-/ieee754-1.2.1.tgz",
      "integrity": "sha512-dcyqhDvX1C46lXZcVqCpK+FtMRQVdIMN6/Df5js2zouUsqG7I6sFxitIC+7KYK29KdXOLHdu9zL4sFnoVQnqaA==",
      "funding": [
        {
          "type": "github",
          "url": "https://github.com/sponsors/feross"
        },
        {
          "type": "patreon",
          "url": "https://www.patreon.com/feross"
        },
        {
          "type": "consulting",
          "url": "https://feross.org/support"
        }
      ]
    },
    "node_modules/int64-buffer": {
      "version": "0.1.10",
      "resolved": "https://registry.npmjs.org/int64-buffer/-/int64-buffer-0.1.10.tgz",
      "integrity": "sha512-v7cSY1J8ydZ0GyjUHqF+1bshJ6cnEVLo9EnjB8p+4HDRPZc9N5jjmvUV7NvEsqQOKyH0pmIBFWXVQbiS0+OBbA=="
    },
    "node_modules/isarray": {
      "version": "1.0.0",
      "resolved": "https://registry.npmjs.org/isarray/-/isarray-1.0.0.tgz",
      "integrity": "sha512-VLghIWNM6ELQzo7zwmcg0NmTVyWKYjvIeM83yjp0wRDTmUnrM678fQbcKBo6n2CJEF0szoG//ytg+TKla89ALQ=="
    },
    "node_modules/msgpack-lite": {
      "version": "0.1.26",
      "resolved": "https://registry.npmjs.org/msgpack-lite/-/msgpack-lite-0.1.26.tgz",
      "integrity": "sha512-SZ2IxeqZ1oRFGo0xFGbvBJWMp3yLIY9rlIJyxy8CGrwZn1f0ZK4r6jV/AM1r0FZMDUkWkglOk/eeKIL9g77Nxw==",
      "dependencies": {
        "event-lite": "^0.1.1",
        "ieee754": "^1.1.8",
        "int64-buffer": "^0.1.9",
        "isarray": "^1.0.0"
      },
      "bin": {
        "msgpack": "bin/msgpack"
      }
    },
    "node_modules/multiformats": {
      "version": "11.0.2",
      "resolved": "https://registry.npmjs.org/multiformats/-/multiformats-11.0.2.tgz",
      "integrity": "sha512-b5mYMkOkARIuVZCpvijFj9a6m5wMVLC7cf/jIPd5D/ARDOfLC5+IFkbgDXQgcU2goIsTD/O9NY4DI/Mt4OGvlg==",
      "license": "Apache-2.0 OR MIT",
      "engines": {
        "node": ">=16.0.0",
        "npm": ">=7.0.0"
      }
    },
    "node_modules/node-inspect-extracted": {
      "version": "2.0.2",
      "resolved": "https://registry.npmjs.org/node-inspect-extracted/-/node-inspect-extracted-2.0.2.tgz",
      "integrity": "sha512-8qm9+tu/GmbA/uWQRs6ad8KstyhH94a0pXpRVGHaJ9wHlJbetCYoCwXbKILaaMcE+wgbgpOpzcCnipkL8vTqxA==",
      "engines": {
        "node": ">=14"
      }
    },
    "node_modules/nofilter": {
      "version": "3.1.0",
      "resolved": "https://registry.npmjs.org/nofilter/-/nofilter-3.1.0.tgz",
      "integrity": "sha512-l2NNj07e9afPnhAhvgVrCD/oy2Ai1yfLpuo3EpiO1jFTsB4sFz6oIfAfSZyQzVpkZQ9xS8ZS5g1jCBgq4Hwo0g==",
      "engines": {
        "node": ">=12.19"
      }
    },
    "node_modules/utf8": {
      "version": "3.0.0",
      "resolved": "https://registry.npmjs.org/utf8/-/utf8-3.0.0.tgz",
      "integrity": "sha512-E8VjFIQ/TyQgp+TZfS6l8yp/xWppSAHzidGiRrqe4bK4XP9pTRyKFgGJpO3SN7zdX4DeomTrwaseCHovfpFcqQ=="
    },
    "node_modules/varint": {
      "version": "6.0.0",
      "resolved": "https://registry.npmjs.org/varint/-/varint-6.0.0.tgz",
      "integrity": "sha512-cXEIW6cfr15lFv563k4GuVuW/fiwjknytD37jIOLSdSWuOI6WnO/oKwmP2FQTU2l01LP8/M5TSAJpzUaGe3uWg==",
      "license": "MIT"
    }
  },
  "dependencies": {
    "@ipld/car": {
      "version": "5.1.1",
      "resolved": "https://registry.npmjs.org/@ipld/car/-/car-5.1.1.tgz",
      "integrity": "sha512-HoFTUqUJL9cPGhC9qRmHCvamfIsj1JllQSQ/Xu9/KN/VNJp8To9Ms4qiZPEMOwcrNFclfYqrahjGYbf4KL/d9A==",
      "requires": {
        "@ipld/dag-cbor": "^9.0.0",
        "cborg": "^1.9.0",
        "multiformats": "^11.0.0",
        "varint": "^6.0.0"
      }
    },
    "@ipld/dag-cbor": {
      "version": "9.0.0",
      "resolved": "https://registry.npmjs.org/@ipld/dag-cbor/-/dag-cbor-9.0.0.tgz",
      "integrity": "sha512-zdsiSiYDEOIDW7mmWOYWC9gukjXO+F8wqxz/LfN7iSwTfIyipC8+UQrCbPupFMRb/33XQTZk8yl3My8vUQBRoA==",
      "requires": {
        "cborg": "^1.10.0",
        "multiformats": "^11.0.0"
      }
    },
    "bignumber.js": {
      "version": "9.1.1",
      "resolved": "https://registry.npmjs.org/bignumber.js/-/bignumber.js-9.1.1.tgz",
      "integrity": "sha512-pHm4LsMJ6lzgNGVfZHjMoO8sdoRhOzOH4MLmY65Jg70bpxCKu5iOHNJyfF6OyvYw7t8Fpf35RuzUyqnQsj8Vig=="
    },
    "cbor": {
      "version": "8.1.0",
      "resolved": "https://registry.npmjs.org/cbor/-/cbor-8.1.0.tgz",
      "integrity": "sha512-DwGjNW9omn6EwP70aXsn7FQJx5kO12tX0bZkaTjzdVFM6/7nhA4t0EENocKGx6D2Bch9PE2KzCUf5SceBdeijg==",
      "requires": {
        "nofilter": "^3.1.0"
      }
    },
    "cborg": {
      "version": "1.10.2",
      "resolved": "https://registry.npmjs.org/cborg/-/cborg-1.10.2.tgz",
      "integrity": "sha512-b3tFPA9pUr2zCUiCfRd2+wok2/LBSNUMKOuRRok+WlvvAgEt/PlbgPTsZUcwCOs53IJvLgTp0eotwtosE6njug=="
    },
    "encodr": {
      "version": "1.3.4",
      "resolved": "https://registry.npmjs.org/encodr/-/encodr-1.3.4.tgz",
      "integrity": "sha512-bv4go2I82tkyZ6P5aKA3UgKbEUFci7p7hp29X9DhJcWBMpvNKLeTvbV37dmfP1mFExtS1zqgcLYNpnCER/RyWw==",
      "requires": {
        "bignumber.js": "9.1.1",
        "cbor": "8.1.0",
        "msgpack-lite": "0.1.26",
        "node-inspect-extracted": "2.0.2",
        "utf8": "3.0.0"
      }
    },
    "event-lite": {
      "version": "0.1.3",
      "resolved": "https://registry.npmjs.org/event-lite/-/event-lite-0.1.3.tgz",
      "integrity": "sha512-8qz9nOz5VeD2z96elrEKD2U433+L3DWdUdDkOINLGOJvx1GsMBbMn0aCeu28y8/e85A6mCigBiFlYMnTBEGlSw=="
    },
    "ieee754": {
      "version": "1.2.1",
      "resolved": "https://registry.npmjs.org/ieee754/-/ieee754-1.2.1.tgz",
      "integrity": "sha512-dcyqhDvX1C46lXZcVqCpK+FtMRQVdIMN6/Df5js2zouUsqG7I6sFxitIC+7KYK29KdXOLHdu9zL4sFnoVQnqaA=="
    },
    "int64-buffer": {
      "version": "0.1.10",
      "resolved": "https://registry.npmjs.org/int64-buffer/-/int64-buffer-0.1.10.tgz",
      "integrity": "sha512-v7cSY1J8ydZ0GyjUHqF+1bshJ6cnEVLo9EnjB8p+4HDRPZc9N5jjmvUV7NvEsqQOKyH0pmIBFWXVQbiS0+OBbA=="
    },
    "isarray": {
      "version": "1.0.0",
      "resolved": "https://registry.npmjs.org/isarray/-/isarray-1.0.0.tgz",
      "integrity": "sha512-VLghIWNM6ELQzo7zwmcg0NmTVyWKYjvIeM83yjp0wRDTmUnrM678fQbcKBo6n2CJEF0szoG//ytg+TKla89ALQ=="
    },
    "msgpack-lite": {
      "version": "0.1.26",
      "resolved": "https://registry.npmjs.org/msgpack-lite/-/msgpack-lite-0.1.26.tgz",
      "integrity": "sha512-SZ2IxeqZ1oRFGo0xFGbvBJWMp3yLIY9rlIJyxy8CGrwZn1f0ZK4r6jV/AM1r0FZMDUkWkglOk/eeKIL9g77Nxw==",
      "requires": {
        "event-lite": "^0.1.1",
        "ieee754": "^1.1.8",
        "int64-buffer": "^0.1.9",
        "isarray": "^1.0.0"
      }
    },
    "multiformats": {
      "version": "11.0.2",
      "resolved": "https://registry.npmjs.org/multiformats/-/multiformats-11.0.2.tgz",
      "integrity": "sha512-b5mYMkOkARIuVZCpvijFj9a6m5wMVLC7cf/jIPd5D/ARDOfLC5+IFkbgDXQgcU2goIsTD/O9NY4DI/Mt4OGvlg=="
    },
    "node-inspect-extracted": {
      "version": "2.0.2",
      "resolved": "https://registry.npmjs.org/node-inspect-extracted/-/node-inspect-extracted-2.0.2.tgz",
      "integrity": "sha512-8qm9+tu/GmbA/uWQRs6ad8KstyhH94a0pXpRVGHaJ9wHlJbetCYoCwXbKILaaMcE+wgbgpOpzcCnipkL8vTqxA=="
    },
    "nofilter": {
      "version": "3.1.0",
      "resolved": "https://registry.npmjs.org/nofilter/-/nofilter-3.1.0.tgz",
      "integrity": "sha512-l2NNj07e9afPnhAhvgVrCD/oy2Ai1yfLpuo3EpiO1jFTsB4sFz6oIfAfSZyQzVpkZQ9xS8ZS5g1jCBgq4Hwo0g=="
    },
    "utf8": {
      "version": "3.0.0",
      "resolved": "https://registry.npmjs.org/utf8/-/utf8-3.0.0.tgz",
      "integrity": "sha512-E8VjFIQ/TyQgp+TZfS6l8yp/xWppSAHzidGiRrqe4bK4XP9pTRyKFgGJpO3SN7zdX4DeomTrwaseCHovfpFcqQ=="
    },
    "varint": {
      "version": "6.0.0",
      "resolved": "https://registry.npmjs.org/varint/-/varint-6.0.0.tgz",
      "integrity": "sha512-cXEIW6cfr15lFv563k4GuVuW/fiwjknytD37jIOLSdSWuOI6WnO/oKwmP2FQTU2l01LP8/M5TSAJpzUaGe3uWg=="
    }
  }
}
